
Microsoft Visual Studio Solution File, Format Version 12.00
# Visual Studio Version 17
VisualStudioVersion = 17.9.34701.34
MinimumVisualStudioVersion = 10.0.40219.1
Project("{FAE04EC0-301F-11D3-BF4B-00C04F79EFBC}") = "labtask222", "labtask222\labtask222.csproj", "{9D0A81B2-F611-4AE4-8F44-74F781820094}"
EndProject
Global
	GlobalSection(SolutionConfigurationPlatforms) = preSolution
		Debug|Any CPU = Debug|Any CPU
		Release|Any CPU = Release|Any CPU
	EndGlobalSection
	GlobalSection(ProjectConfigurationPlatforms) = postSolution
		{9D0A81B2-F611-4AE4-8F44-74F781820094}.Debug|Any CPU.ActiveCfg = Debug|Any CPU
		{9D0A81B2-F611-4AE4-8F44-74F781820094}.Debug|Any CPU.Build.0 = Debug|Any CPU
		{9D0A81B2-F611-4AE4-8F44-74F781820094}.Release|Any CPU.ActiveCfg = Release|Any CPU
		{9D0A81B2-F611-4AE4-8F44-74F781820094}.Release|Any CPU.Build.0 = Release|Any CPU
	EndGlobalSection
	GlobalSection(SolutionProperties) = preSolution
		HideSolutionNode = FALSE
	EndGlobalSection
	GlobalSection(ExtensibilityGlobals) = postSolution
		SolutionGuid = {C42A912F-4FEE-4185-802C-B9F6FEE7E1AF}
	EndGlobalSection
EndGlobal
